
Microsoft Visual Studio Solution File, Format Version 12.00
# Visual Studio 14
VisualStudioVersion = 14.0.25420.1
MinimumVisualStudioVersion = 10.0.40219.1
Project("{F2A71F9B-5D33-465A-A702-920D77279786}") = "GoodreadsStats.Server", "GoodreadsStats.Server\GoodreadsStats.Server.fsproj", "{CBB9AD6A-B612-4707-9C50-B00545E96FBF}"
EndProject
Project("{F2A71F9B-5D33-465A-A702-920D77279786}") = "GoodreadsStats.Model", "GoodreadsStats.Model\GoodreadsStats.Model.fsproj", "{F759BCA9-9F6C-431B-986B-524160306FEF}"
EndProject
Project("{F2A71F9B-5D33-465A-A702-920D77279786}") = "GoodreadsStats.Tests", "GoodreadsStats.Tests\GoodreadsStats.Tests.fsproj", "{79D5D965-101E-434B-9DE8-086317FF4202}"
EndProject
Global
	GlobalSection(SolutionConfigurationPlatforms) = preSolution
		Debug|Any CPU = Debug|Any CPU
		Release|Any CPU = Release|Any CPU
	EndGlobalSection
	GlobalSection(ProjectConfigurationPlatforms) = postSolution
		{CBB9AD6A-B612-4707-9C50-B00545E96FBF}.Debug|Any CPU.ActiveCfg = Debug|Any CPU
		{CBB9AD6A-B612-4707-9C50-B00545E96FBF}.Debug|Any CPU.Build.0 = Debug|Any CPU
		{CBB9AD6A-B612-4707-9C50-B00545E96FBF}.Release|Any CPU.ActiveCfg = Release|Any CPU
		{CBB9AD6A-B612-4707-9C50-B00545E96FBF}.Release|Any CPU.Build.0 = Release|Any CPU
		{F759BCA9-9F6C-431B-986B-524160306FEF}.Debug|Any CPU.ActiveCfg = Debug|Any CPU
		{F759BCA9-9F6C-431B-986B-524160306FEF}.Debug|Any CPU.Build.0 = Debug|Any CPU
		{F759BCA9-9F6C-431B-986B-524160306FEF}.Release|Any CPU.ActiveCfg = Release|Any CPU
		{F759BCA9-9F6C-431B-986B-524160306FEF}.Release|Any CPU.Build.0 = Release|Any CPU
		{79D5D965-101E-434B-9DE8-086317FF4202}.Debug|Any CPU.ActiveCfg = Debug|Any CPU
		{79D5D965-101E-434B-9DE8-086317FF4202}.Debug|Any CPU.Build.0 = Debug|Any CPU
		{79D5D965-101E-434B-9DE8-086317FF4202}.Release|Any CPU.ActiveCfg = Release|Any CPU
		{79D5D965-101E-434B-9DE8-086317FF4202}.Release|Any CPU.Build.0 = Release|Any CPU
	EndGlobalSection
	GlobalSection(SolutionProperties) = preSolution
		HideSolutionNode = FALSE
	EndGlobalSection
EndGlobal
